
Microsoft Visual Studio Solution File, Format Version 12.00
# Visual Studio Version 16
VisualStudioVersion = 16.0.29728.190
MinimumVisualStudioVersion = 10.0.40219.1
Project("{FAE04EC0-301F-11D3-BF4B-00C04F79EFBC}") = "EnigmaMachine", "EnigmaMachine\EnigmaMachine.csproj", "{F9CB99B4-BBBA-4C7D-946D-0ECC717468AE}"
EndProject
Global
	GlobalSection(SolutionConfigurationPlatforms) = preSolution
		Debug|Any CPU = Debug|Any CPU
		Release|Any CPU = Release|Any CPU
	EndGlobalSection
	GlobalSection(ProjectConfigurationPlatforms) = postSolution
		{F9CB99B4-BBBA-4C7D-946D-0ECC717468AE}.Debug|Any CPU.ActiveCfg = Debug|Any CPU
		{F9CB99B4-BBBA-4C7D-946D-0ECC717468AE}.Debug|Any CPU.Build.0 = Debug|Any CPU
		{F9CB99B4-BBBA-4C7D-946D-0ECC717468AE}.Release|Any CPU.ActiveCfg = Release|Any CPU
		{F9CB99B4-BBBA-4C7D-946D-0ECC717468AE}.Release|Any CPU.Build.0 = Release|Any CPU
	EndGlobalSection
	GlobalSection(SolutionProperties) = preSolution
		HideSolutionNode = FALSE
	EndGlobalSection
	GlobalSection(ExtensibilityGlobals) = postSolution
		SolutionGuid = {C653A523-61B2-43EF-B735-7D828F331FEE}
	EndGlobalSection
EndGlobal
